// !$*UTF8*$!
{
	archiveVersion = 1;
	classes = {
	};
	objectVersion = 55;
	objects = {

/* Begin PBXBuildFile section */
		5A924ED6279157EF0071E5DE /* Person.m in Sources */ = {isa = PBXBuildFile; fileRef = 5A924ED5279157EF0071E5DE /* Person.m */; };
		5AA6866627C0BAA400034DD3 /* MethodMan.m in Sources */ = {isa = PBXBuildFile; fileRef = 5AA6866527C0BAA400034DD3 /* MethodMan.m */; };
		5AA6866A27C0C4BF00034DD3 /* Persona.m in Sources */ = {isa = PBXBuildFile; fileRef = 5AA6866927C0C4BF00034DD3 /* Persona.m */; };
		5AA6866D27C0E72800034DD3 /* AreArrayFun.m in Sources */ = {isa = PBXBuildFile; fileRef = 5AA6866C27C0E72800034DD3 /* AreArrayFun.m */; };
		5AE6D0E327357ADF0007E645 /* AppDelegate.m in Sources */ = {isa = PBXBuildFile; fileRef = 5AE6D0E227357ADF0007E645 /* AppDelegate.m */; };
		5AE6D0E627357ADF0007E645 /* SceneDelegate.m in Sources */ = {isa = PBXBuildFile; fileRef = 5AE6D0E527357ADF0007E645 /* SceneDelegate.m */; };
		5AE6D0E927357ADF0007E645 /* ViewController.m in Sources */ = {isa = PBXBuildFile; fileRef = 5AE6D0E827357ADF0007E645 /* ViewController.m */; };
		5AE6D0EC27357ADF0007E645 /* Main.storyboard in Resources */ = {isa = PBXBuildFile; fileRef = 5AE6D0EA27357ADF0007E645 /* Main.storyboard */; };
		5AE6D0EE27357AE10007E645 /* Assets.xcassets in Resources */ = {isa = PBXBuildFile; fileRef = 5AE6D0ED27357AE10007E645 /* Assets.xcassets */; };
		5AE6D0F127357AE10007E645 /* LaunchScreen.storyboard in Resources */ = {isa = PBXBuildFile; fileRef = 5AE6D0EF27357AE10007E645 /* LaunchScreen.storyboard */; };
		5AE6D0F427357AE10007E645 /* main.m in Sources */ = {isa = PBXBuildFile; fileRef = 5AE6D0F327357AE10007E645 /* main.m */; };
		5AF1C4B9279D73E1003E7963 /* StringFling.m in Sources */ = {isa = PBXBuildFile; fileRef = 5AF1C4B8279D73E1003E7963 /* StringFling.m */; };
		5AF1C4BC279F46BF003E7963 /* MountainMath.m in Sources */ = {isa = PBXBuildFile; fileRef = 5AF1C4BB279F46BF003E7963 /* MountainMath.m */; };
		5AF1C4BF27AFECA9003E7963 /* NoBullying.m in Sources */ = {isa = PBXBuildFile; fileRef = 5AF1C4BE27AFECA9003E7963 /* NoBullying.m */; };
		B2C1376F27971B8A00F96884 /* Vehicle.m in Sources */ = {isa = PBXBuildFile; fileRef = B2C1376E27971B8A00F96884 /* Vehicle.m */; };
/* End PBXBuildFile section */

/* Begin PBXFileReference section */
		5A924ED4279157EF0071E5DE /* Person.h */ = {isa = PBXFileReference; lastKnownFileType = sourcecode.c.h; path = Person.h; sourceTree = "<group>"; };
		5A924ED5279157EF0071E5DE /* Person.m */ = {isa = PBXFileReference; lastKnownFileType = sourcecode.c.objc; path = Person.m; sourceTree = "<group>"; };
		5AA6866427C0BAA400034DD3 /* MethodMan.h */ = {isa = PBXFileReference; lastKnownFileType = sourcecode.c.h; path = MethodMan.h; sourceTree = "<group>"; };
		5AA6866527C0BAA400034DD3 /* MethodMan.m */ = {isa = PBXFileReference; lastKnownFileType = sourcecode.c.objc; path = MethodMan.m; sourceTree = "<group>"; };
		5AA6866827C0C4BF00034DD3 /* Persona.h */ = {isa = PBXFileReference; lastKnownFileType = sourcecode.c.h; path = Persona.h; sourceTree = "<group>"; };
		5AA6866927C0C4BF00034DD3 /* Persona.m */ = {isa = PBXFileReference; lastKnownFileType = sourcecode.c.objc; path = Persona.m; sourceTree = "<group>"; };
		5AA6866B27C0E72800034DD3 /* AreArrayFun.h */ = {isa = PBXFileReference; lastKnownFileType = sourcecode.c.h; path = AreArrayFun.h; sourceTree = "<group>"; };
		5AA6866C27C0E72800034DD3 /* AreArrayFun.m */ = {isa = PBXFileReference; lastKnownFileType = sourcecode.c.objc; path = AreArrayFun.m; sourceTree = "<group>"; };
		5AE6D0DE27357ADF0007E645 /* Welcome to Objc-C.app */ = {isa = PBXFileReference; explicitFileType = wrapper.application; includeInIndex = 0; path = "Welcome to Objc-C.app"; sourceTree = BUILT_PRODUCTS_DIR; };
		5AE6D0E127357ADF0007E645 /* AppDelegate.h */ = {isa = PBXFileReference; lastKnownFileType = sourcecode.c.h; path = AppDelegate.h; sourceTree = "<group>"; };
		5AE6D0E227357ADF0007E645 /* AppDelegate.m */ = {isa = PBXFileReference; lastKnownFileType = sourcecode.c.objc; path = AppDelegate.m; sourceTree = "<group>"; };
		5AE6D0E427357ADF0007E645 /* SceneDelegate.h */ = {isa = PBXFileReference; lastKnownFileType = sourcecode.c.h; path = SceneDelegate.h; sourceTree = "<group>"; };
		5AE6D0E527357ADF0007E645 /* SceneDelegate.m */ = {isa = PBXFileReference; lastKnownFileType = sourcecode.c.objc; path = SceneDelegate.m; sourceTree = "<group>"; };
		5AE6D0E727357ADF0007E645 /* ViewController.h */ = {isa = PBXFileReference; lastKnownFileType = sourcecode.c.h; path = ViewController.h; sourceTree = "<group>"; };
		5AE6D0E827357ADF0007E645 /* ViewController.m */ = {isa = PBXFileReference; lastKnownFileType = sourcecode.c.objc; path = ViewController.m; sourceTree = "<group>"; };
		5AE6D0EB27357ADF0007E645 /* Base */ = {isa = PBXFileReference; lastKnownFileType = file.storyboard; name = Base; path = Base.lproj/Main.storyboard; sourceTree = "<group>"; };
		5AE6D0ED27357AE10007E645 /* Assets.xcassets */ = {isa = PBXFileReference; lastKnownFileType = folder.assetcatalog; path = Assets.xcassets; sourceTree = "<group>"; };
		5AE6D0F027357AE10007E645 /* Base */ = {isa = PBXFileReference; lastKnownFileType = file.storyboard; name = Base; path = Base.lproj/LaunchScreen.storyboard; sourceTree = "<group>"; };
		5AE6D0F227357AE10007E645 /* Info.plist */ = {isa = PBXFileReference; lastKnownFileType = text.plist.xml; path = Info.plist; sourceTree = "<group>"; };
		5AE6D0F327357AE10007E645 /* main.m */ = {isa = PBXFileReference; lastKnownFileType = sourcecode.c.objc; path = main.m; sourceTree = "<group>"; };
		5AF1C4B7279D73E1003E7963 /* StringFling.h */ = {isa = PBXFileReference; lastKnownFileType = sourcecode.c.h; path = StringFling.h; sourceTree = "<group>"; };
		5AF1C4B8279D73E1003E7963 /* StringFling.m */ = {isa = PBXFileReference; lastKnownFileType = sourcecode.c.objc; path = StringFling.m; sourceTree = "<group>"; };
		5AF1C4BA279F46BF003E7963 /* MountainMath.h */ = {isa = PBXFileReference; lastKnownFileType = sourcecode.c.h; path = MountainMath.h; sourceTree = "<group>"; };
		5AF1C4BB279F46BF003E7963 /* MountainMath.m */ = {isa = PBXFileReference; lastKnownFileType = sourcecode.c.objc; path = MountainMath.m; sourceTree = "<group>"; };
		5AF1C4BD27AFECA9003E7963 /* NoBullying.h */ = {isa = PBXFileReference; lastKnownFileType = sourcecode.c.h; path = NoBullying.h; sourceTree = "<group>"; };
		5AF1C4BE27AFECA9003E7963 /* NoBullying.m */ = {isa = PBXFileReference; lastKnownFileType = sourcecode.c.objc; path = NoBullying.m; sourceTree = "<group>"; };
		B2C1376D27971B8A00F96884 /* Vehicle.h */ = {isa = PBXFileReference; lastKnownFileType = sourcecode.c.h; path = Vehicle.h; sourceTree = "<group>"; };
		B2C1376E27971B8A00F96884 /* Vehicle.m */ = {isa = PBXFileReference; lastKnownFileType = sourcecode.c.objc; path = Vehicle.m; sourceTree = "<group>"; };
/* End PBXFileReference section */

/* Begin PBXFrameworksBuildPhase section */
		5AE6D0DB27357ADF0007E645 /* Frameworks */ = {
			isa = PBXFrameworksBuildPhase;
			buildActionMask = 2147483647;
			files = (
			);
			runOnlyForDeploymentPostprocessing = 0;
		};
/* End PBXFrameworksBuildPhase section */

/* Begin PBXGroup section */
		5AA6866727C0C48200034DD3 /* MethodMan */ = {
			isa = PBXGroup;
			children = (
				5AA6866427C0BAA400034DD3 /* MethodMan.h */,
				5AA6866527C0BAA400034DD3 /* MethodMan.m */,
				5AA6866827C0C4BF00034DD3 /* Persona.h */,
				5AA6866927C0C4BF00034DD3 /* Persona.m */,
			);
			path = MethodMan;
			sourceTree = "<group>";
		};
		5AE6D0D527357ADF0007E645 = {
			isa = PBXGroup;
			children = (
				5AE6D0E027357ADF0007E645 /* Welcome to Objc-C */,
				5AE6D0DF27357ADF0007E645 /* Products */,
			);
			sourceTree = "<group>";
		};
		5AE6D0DF27357ADF0007E645 /* Products */ = {
			isa = PBXGroup;
			children = (
				5AE6D0DE27357ADF0007E645 /* Welcome to Objc-C.app */,
			);
			name = Products;
			sourceTree = "<group>";
		};
		5AE6D0E027357ADF0007E645 /* Welcome to Objc-C */ = {
			isa = PBXGroup;
			children = (
				5AF1C4C027AFECEA003E7963 /* Lessons */,
				5AE6D0E127357ADF0007E645 /* AppDelegate.h */,
				5AE6D0E227357ADF0007E645 /* AppDelegate.m */,
				5AE6D0E427357ADF0007E645 /* SceneDelegate.h */,
				5AE6D0E527357ADF0007E645 /* SceneDelegate.m */,
				5AE6D0E727357ADF0007E645 /* ViewController.h */,
				5AE6D0E827357ADF0007E645 /* ViewController.m */,
				5AE6D0EA27357ADF0007E645 /* Main.storyboard */,
				5AE6D0ED27357AE10007E645 /* Assets.xcassets */,
				5AE6D0EF27357AE10007E645 /* LaunchScreen.storyboard */,
				5AE6D0F227357AE10007E645 /* Info.plist */,
				5AE6D0F327357AE10007E645 /* main.m */,
			);
			path = "Welcome to Objc-C";
			sourceTree = "<group>";
		};
		5AF1C4C027AFECEA003E7963 /* Lessons */ = {
			isa = PBXGroup;
			children = (
				5AA6866727C0C48200034DD3 /* MethodMan */,
				5A924ED4279157EF0071E5DE /* Person.h */,
				5A924ED5279157EF0071E5DE /* Person.m */,
				B2C1376D27971B8A00F96884 /* Vehicle.h */,
				B2C1376E27971B8A00F96884 /* Vehicle.m */,
				5AF1C4B7279D73E1003E7963 /* StringFling.h */,
				5AF1C4B8279D73E1003E7963 /* StringFling.m */,
				5AF1C4BA279F46BF003E7963 /* MountainMath.h */,
				5AF1C4BB279F46BF003E7963 /* MountainMath.m */,
				5AF1C4BD27AFECA9003E7963 /* NoBullying.h */,
				5AF1C4BE27AFECA9003E7963 /* NoBullying.m */,
				5AA6866B27C0E72800034DD3 /* AreArrayFun.h */,
				5AA6866C27C0E72800034DD3 /* AreArrayFun.m */,
			);
			path = Lessons;
			sourceTree = "<group>";
		};
/* End PBXGroup section */

/* Begin PBXNativeTarget section */
		5AE6D0DD27357ADF0007E645 /* Welcome to Objc-C */ = {
			isa = PBXNativeTarget;
			buildConfigurationList = 5AE6D0F727357AE10007E645 /* Build configuration list for PBXNativeTarget "Welcome to Objc-C" */;
			buildPhases = (
				5AE6D0DA27357ADF0007E645 /* Sources */,
				5AE6D0DB27357ADF0007E645 /* Frameworks */,
				5AE6D0DC27357ADF0007E645 /* Resources */,
			);
			buildRules = (
			);
			dependencies = (
			);
			name = "Welcome to Objc-C";
			productName = "Welcome to Objc-C";
			productReference = 5AE6D0DE27357ADF0007E645 /* Welcome to Objc-C.app */;
			productType = "com.apple.product-type.application";
		};
/* End PBXNativeTarget section */

/* Begin PBXProject section */
		5AE6D0D627357ADF0007E645 /* Project object */ = {
			isa = PBXProject;
			attributes = {
				BuildIndependentTargetsInParallel = 1;
				LastUpgradeCheck = 1310;
				TargetAttributes = {
					5AE6D0DD27357ADF0007E645 = {
						CreatedOnToolsVersion = 13.1;
					};
				};
			};
			buildConfigurationList = 5AE6D0D927357ADF0007E645 /* Build configuration list for PBXProject "Welcome to Objc-C" */;
			compatibilityVersion = "Xcode 13.0";
			developmentRegion = en;
			hasScannedForEncodings = 0;
			knownRegions = (
				en,
				Base,
			);
			mainGroup = 5AE6D0D527357ADF0007E645;
			productRefGroup = 5AE6D0DF27357ADF0007E645 /* Products */;
			projectDirPath = "";
			projectRoot = "";
			targets = (
				5AE6D0DD27357ADF0007E645 /* Welcome to Objc-C */,
			);
		};
/* End PBXProject section */

/* Begin PBXResourcesBuildPhase section */
		5AE6D0DC27357ADF0007E645 /* Resources */ = {
			isa = PBXResourcesBuildPhase;
			buildActionMask = 2147483647;
			files = (
				5AE6D0F127357AE10007E645 /* LaunchScreen.storyboard in Resources */,
				5AE6D0EE27357AE10007E645 /* Assets.xcassets in Resources */,
				5AE6D0EC27357ADF0007E645 /* Main.storyboard in Resources */,
			);
			runOnlyForDeploymentPostprocessing = 0;
		};
/* End PBXResourcesBuildPhase section */

/* Begin PBXSourcesBuildPhase section */
		5AE6D0DA27357ADF0007E645 /* Sources */ = {
			isa = PBXSourcesBuildPhase;
			buildActionMask = 2147483647;
			files = (
				5AE6D0E927357ADF0007E645 /* ViewController.m in Sources */,
				5AE6D0E327357ADF0007E645 /* AppDelegate.m in Sources */,
				5AA6866A27C0C4BF00034DD3 /* Persona.m in Sources */,
				5AF1C4B9279D73E1003E7963 /* StringFling.m in Sources */,
				5AA6866D27C0E72800034DD3 /* AreArrayFun.m in Sources */,
				B2C1376F27971B8A00F96884 /* Vehicle.m in Sources */,
				5A924ED6279157EF0071E5DE /* Person.m in Sources */,
				5AE6D0F427357AE10007E645 /* main.m in Sources */,
				5AF1C4BC279F46BF003E7963 /* MountainMath.m in Sources */,
				5AF1C4BF27AFECA9003E7963 /* NoBullying.m in Sources */,
				5AE6D0E627357ADF0007E645 /* SceneDelegate.m in Sources */,
				5AA6866627C0BAA400034DD3 /* MethodMan.m in Sources */,
			);
			runOnlyForDeploymentPostprocessing = 0;
		};
/* End PBXSourcesBuildPhase section */

/* Begin PBXVariantGroup section */
		5AE6D0EA27357ADF0007E645 /* Main.storyboard */ = {
			isa = PBXVariantGroup;
			children = (
				5AE6D0EB27357ADF0007E645 /* Base */,
			);
			name = Main.storyboard;
			sourceTree = "<group>";
		};
		5AE6D0EF27357AE10007E645 /* LaunchScreen.storyboard */ = {
			isa = PBXVariantGroup;
			children = (
				5AE6D0F027357AE10007E645 /* Base */,
			);
			name = LaunchScreen.storyboard;
			sourceTree = "<group>";
		};
/* End PBXVariantGroup section */

/* Begin XCBuildConfiguration section */
		5AE6D0F527357AE10007E645 /* Debug */ = {
			isa = XCBuildConfiguration;
			buildSettings = {
				ALWAYS_SEARCH_USER_PATHS = NO;
				CLANG_ANALYZER_NONNULL = YES;
				CLANG_ANALYZER_NUMBER_OBJECT_CONVERSION = YES_AGGRESSIVE;
				CLANG_CXX_LANGUAGE_STANDARD = "gnu++17";
				CLANG_CXX_LIBRARY = "libc++";
				CLANG_ENABLE_MODULES = YES;
				CLANG_ENABLE_OBJC_ARC = YES;
				CLANG_ENABLE_OBJC_WEAK = YES;
				CLANG_WARN_BLOCK_CAPTURE_AUTORELEASING = YES;
				CLANG_WARN_BOOL_CONVERSION = YES;
				CLANG_WARN_COMMA = YES;
				CLANG_WARN_CONSTANT_CONVERSION = YES;
				CLANG_WARN_DEPRECATED_OBJC_IMPLEMENTATIONS = YES;
				CLANG_WARN_DIRECT_OBJC_ISA_USAGE = YES_ERROR;
				CLANG_WARN_DOCUMENTATION_COMMENTS = YES;
				CLANG_WARN_EMPTY_BODY = YES;
				CLANG_WARN_ENUM_CONVERSION = YES;
				CLANG_WARN_INFINITE_RECURSION = YES;
				CLANG_WARN_INT_CONVERSION = YES;
				CLANG_WARN_NON_LITERAL_NULL_CONVERSION = YES;
				CLANG_WARN_OBJC_IMPLICIT_RETAIN_SELF = YES;
				CLANG_WARN_OBJC_LITERAL_CONVERSION = YES;
				CLANG_WARN_OBJC_ROOT_CLASS = YES_ERROR;
				CLANG_WARN_QUOTED_INCLUDE_IN_FRAMEWORK_HEADER = YES;
				CLANG_WARN_RANGE_LOOP_ANALYSIS = YES;
				CLANG_WARN_STRICT_PROTOTYPES = YES;
				CLANG_WARN_SUSPICIOUS_MOVE = YES;
				CLANG_WARN_UNGUARDED_AVAILABILITY = YES_AGGRESSIVE;
				CLANG_WARN_UNREACHABLE_CODE = YES;
				CLANG_WARN__DUPLICATE_METHOD_MATCH = YES;
				COPY_PHASE_STRIP = NO;
				DEBUG_INFORMATION_FORMAT = dwarf;
				ENABLE_STRICT_OBJC_MSGSEND = YES;
				ENABLE_TESTABILITY = YES;
				GCC_C_LANGUAGE_STANDARD = gnu11;
				GCC_DYNAMIC_NO_PIC = NO;
				GCC_NO_COMMON_BLOCKS = YES;
				GCC_OPTIMIZATION_LEVEL = 0;
				GCC_PREPROCESSOR_DEFINITIONS = (
					"DEBUG=1",
					"$(inherited)",
				);
				GCC_WARN_64_TO_32_BIT_CONVERSION = YES;
				GCC_WARN_ABOUT_RETURN_TYPE = YES_ERROR;
				GCC_WARN_UNDECLARED_SELECTOR = YES;
				GCC_WARN_UNINITIALIZED_AUTOS = YES_AGGRESSIVE;
				GCC_WARN_UNUSED_FUNCTION = YES;
				GCC_WARN_UNUSED_VARIABLE = YES;
				IPHONEOS_DEPLOYMENT_TARGET = 15.0;
				MTL_ENABLE_DEBUG_INFO = INCLUDE_SOURCE;
				MTL_FAST_MATH = YES;
				ONLY_ACTIVE_ARCH = YES;
				SDKROOT = iphoneos;
			};
			name = Debug;
		};
		5AE6D0F627357AE10007E645 /* Release */ = {
			isa = XCBuildConfiguration;
			buildSettings = {
				ALWAYS_SEARCH_USER_PATHS = NO;
				CLANG_ANALYZER_NONNULL = YES;
				CLANG_ANALYZER_NUMBER_OBJECT_CONVERSION = YES_AGGRESSIVE;
				CLANG_CXX_LANGUAGE_STANDARD = "gnu++17";
				CLANG_CXX_LIBRARY = "libc++";
				CLANG_ENABLE_MODULES = YES;
				CLANG_ENABLE_OBJC_ARC = YES;
				CLANG_ENABLE_OBJC_WEAK = YES;
				CLANG_WARN_BLOCK_CAPTURE_AUTORELEASING = YES;
				CLANG_WARN_BOOL_CONVERSION = YES;
				CLANG_WARN_COMMA = YES;
				CLANG_WARN_CONSTANT_CONVERSION = YES;
				CLANG_WARN_DEPRECATED_OBJC_IMPLEMENTATIONS = YES;
				CLANG_WARN_DIRECT_OBJC_ISA_USAGE = YES_ERROR;
				CLANG_WARN_DOCUMENTATION_COMMENTS = YES;
				CLANG_WARN_EMPTY_BODY = YES;
				CLANG_WARN_ENUM_CONVERSION = YES;
				CLANG_WARN_INFINITE_RECURSION = YES;
				CLANG_WARN_INT_CONVERSION = YES;
				CLANG_WARN_NON_LITERAL_NULL_CONVERSION = YES;
				CLANG_WARN_OBJC_IMPLICIT_RETAIN_SELF = YES;
				CLANG_WARN_OBJC_LITERAL_CONVERSION = YES;
				CLANG_WARN_OBJC_ROOT_CLASS = YES_ERROR;
				CLANG_WARN_QUOTED_INCLUDE_IN_FRAMEWORK_HEADER = YES;
				CLANG_WARN_RANGE_LOOP_ANALYSIS = YES;
				CLANG_WARN_STRICT_PROTOTYPES = YES;
				CLANG_WARN_SUSPICIOUS_MOVE = YES;
				CLANG_WARN_UNGUARDED_AVAILABILITY = YES_AGGRESSIVE;
				CLANG_WARN_UNREACHABLE_CODE = YES;
				CLANG_WARN__DUPLICATE_METHOD_MATCH = YES;
				COPY_PHASE_STRIP = NO;
				DEBUG_INFORMATION_FORMAT = "dwarf-with-dsym";
				ENABLE_NS_ASSERTIONS = NO;
				ENABLE_STRICT_OBJC_MSGSEND = YES;
				GCC_C_LANGUAGE_STANDARD = gnu11;
				GCC_NO_COMMON_BLOCKS = YES;
				GCC_WARN_64_TO_32_BIT_CONVERSION = YES;
				GCC_WARN_ABOUT_RETURN_TYPE = YES_ERROR;
				GCC_WARN_UNDECLARED_SELECTOR = YES;
				GCC_WARN_UNINITIALIZED_AUTOS = YES_AGGRESSIVE;
				GCC_WARN_UNUSED_FUNCTION = YES;
				GCC_WARN_UNUSED_VARIABLE = YES;
				IPHONEOS_DEPLOYMENT_TARGET = 15.0;
				MTL_ENABLE_DEBUG_INFO = NO;
				MTL_FAST_MATH = YES;
				SDKROOT = iphoneos;
				VALIDATE_PRODUCT = YES;
			};
			name = Release;
		};
		5AE6D0F827357AE10007E645 /* Debug */ = {
			isa = XCBuildConfiguration;
			buildSettings = {
				ASSETCATALOG_COMPILER_APPICON_NAME = AppIcon;
				ASSETCATALOG_COMPILER_GLOBAL_ACCENT_COLOR_NAME = AccentColor;
				CODE_SIGN_STYLE = Automatic;
				CURRENT_PROJECT_VERSION = 1;
				DEVELOPMENT_TEAM = 2S3C473DW6;
				GENERATE_INFOPLIST_FILE = YES;
				INFOPLIST_FILE = "Welcome to Objc-C/Info.plist";
				INFOPLIST_KEY_UIApplicationSupportsIndirectInputEvents = YES;
				INFOPLIST_KEY_UILaunchStoryboardName = LaunchScreen;
				INFOPLIST_KEY_UIMainStoryboardFile = Main;
				INFOPLIST_KEY_UISupportedInterfaceOrientations_iPad = "UIInterfaceOrientationPortrait UIInterfaceOrientationPortraitUpsideDown UIInterfaceOrientationLandscapeLeft UIInterfaceOrientationLandscapeRight";
				INFOPLIST_KEY_UISupportedInterfaceOrientations_iPhone = "UIInterfaceOrientationPortrait UIInterfaceOrientationLandscapeLeft UIInterfaceOrientationLandscapeRight";
				LD_RUNPATH_SEARCH_PATHS = (
					"$(inherited)",
					"@executable_path/Frameworks",
				);
				MARKETING_VERSION = 1.0;
				PRODUCT_BUNDLE_IDENTIFIER = "com.YesVladess.Welcome-to-Objc-C";
				PRODUCT_NAME = "$(TARGET_NAME)";
				SWIFT_EMIT_LOC_STRINGS = YES;
				TARGETED_DEVICE_FAMILY = "1,2";
			};
			name = Debug;
		};
		5AE6D0F927357AE10007E645 /* Release */ = {
			isa = XCBuildConfiguration;
			buildSettings = {
				ASSETCATALOG_COMPILER_APPICON_NAME = AppIcon;
				ASSETCATALOG_COMPILER_GLOBAL_ACCENT_COLOR_NAME = AccentColor;
				CODE_SIGN_STYLE = Automatic;
				CURRENT_PROJECT_VERSION = 1;
				DEVELOPMENT_TEAM = 2S3C473DW6;
				GENERATE_INFOPLIST_FILE = YES;
				INFOPLIST_FILE = "Welcome to Objc-C/Info.plist";
				INFOPLIST_KEY_UIApplicationSupportsIndirectInputEvents = YES;
				INFOPLIST_KEY_UILaunchStoryboardName = LaunchScreen;
				INFOPLIST_KEY_UIMainStoryboardFile = Main;
				INFOPLIST_KEY_UISupportedInterfaceOrientations_iPad = "UIInterfaceOrientationPortrait UIInterfaceOrientationPortraitUpsideDown UIInterfaceOrientationLandscapeLeft UIInterfaceOrientationLandscapeRight";
				INFOPLIST_KEY_UISupportedInterfaceOrientations_iPhone = "UIInterfaceOrientationPortrait UIInterfaceOrientationLandscapeLeft UIInterfaceOrientationLandscapeRight";
				LD_RUNPATH_SEARCH_PATHS = (
					"$(inherited)",
					"@executable_path/Frameworks",
				);
				MARKETING_VERSION = 1.0;
				PRODUCT_BUNDLE_IDENTIFIER = "com.YesVladess.Welcome-to-Objc-C";
				PRODUCT_NAME = "$(TARGET_NAME)";
				SWIFT_EMIT_LOC_STRINGS = YES;
				TARGETED_DEVICE_FAMILY = "1,2";
			};
			name = Release;
		};
/* End XCBuildConfiguration section */

/* Begin XCConfigurationList section */
		5AE6D0D927357ADF0007E645 /* Build configuration list for PBXProject "Welcome to Objc-C" */ = {
			isa = XCConfigurationList;
			buildConfigurations = (
				5AE6D0F527357AE10007E645 /* Debug */,
				5AE6D0F627357AE10007E645 /* Release */,
			);
			defaultConfigurationIsVisible = 0;
			defaultConfigurationName = Release;
		};
		5AE6D0F727357AE10007E645 /* Build configuration list for PBXNativeTarget "Welcome to Objc-C" */ = {
			isa = XCConfigurationList;
			buildConfigurations = (
				5AE6D0F827357AE10007E645 /* Debug */,
				5AE6D0F927357AE10007E645 /* Release */,
			);
			defaultConfigurationIsVisible = 0;
			defaultConfigurationName = Release;
		};
/* End XCConfigurationList section */
	};
	rootObject = 5AE6D0D627357ADF0007E645 /* Project object */;
}
